uuid: 73b5f6b3-2689-4c5a-91a3-6572e9200764
langcode: en
status: true
dependencies:
  config:
    - paragraphs.paragraphs_type.block
  module:
    - content_translation
third_party_settings:
  content_translation:
    enabled: false
    bundle_settings:
      untranslatable_fields_hide: '0'
id: paragraph.block
target_entity_type_id: paragraph
target_bundle: block
default_langcode: site_default
language_alterable: false
